
Microsoft Visual Studio Solution File, Format Version 12.00
# Visual Studio Version 17
VisualStudioVersion = 17.0.31912.275
MinimumVisualStudioVersion = 10.0.40219.1
Project("{FAE04EC0-301F-11D3-BF4B-00C04F79EFBC}") = "EFCoreSqlServer", "EFCoreSqlServer\EFCoreSqlServer.csproj", "{5E2037E3-83E2-442D-A822-99E913220807}"
EndProject
Project("{E53339B2-1760-4266-BCC7-CA923CBCF16C}") = "docker-compose", "docker-compose.dcproj", "{5B68EEE7-BFEF-413D-9056-D40602BB2492}"
EndProject
Global
	GlobalSection(SolutionConfigurationPlatforms) = preSolution
		Debug|Any CPU = Debug|Any CPU
		Release|Any CPU = Release|Any CPU
	EndGlobalSection
	GlobalSection(ProjectConfigurationPlatforms) = postSolution
		{5E2037E3-83E2-442D-A822-99E913220807}.Debug|Any CPU.ActiveCfg = Debug|Any CPU
		{5E2037E3-83E2-442D-A822-99E913220807}.Debug|Any CPU.Build.0 = Debug|Any CPU
		{5E2037E3-83E2-442D-A822-99E913220807}.Release|Any CPU.ActiveCfg = Release|Any CPU
		{5E2037E3-83E2-442D-A822-99E913220807}.Release|Any CPU.Build.0 = Release|Any CPU
		{5B68EEE7-BFEF-413D-9056-D40602BB2492}.Debug|Any CPU.ActiveCfg = Debug|Any CPU
		{5B68EEE7-BFEF-413D-9056-D40602BB2492}.Debug|Any CPU.Build.0 = Debug|Any CPU
		{5B68EEE7-BFEF-413D-9056-D40602BB2492}.Release|Any CPU.ActiveCfg = Release|Any CPU
		{5B68EEE7-BFEF-413D-9056-D40602BB2492}.Release|Any CPU.Build.0 = Release|Any CPU
	EndGlobalSection
	GlobalSection(SolutionProperties) = preSolution
		HideSolutionNode = FALSE
	EndGlobalSection
	GlobalSection(ExtensibilityGlobals) = postSolution
		SolutionGuid = {3D97CC78-F010-4D5E-8482-7A1D66AFDEA4}
	EndGlobalSection
EndGlobal
